<?xml version="1.0" encoding="UTF-8"?>
<Scheme
   LastUpgradeVersion = "0640"
   version = "1.3">
   <BuildAction
      parallelizeBuildables = "YES"
      buildImplicitDependencies = "YES">
      <BuildActionEntries>
         <BuildActionEntry
            buildForTesting = "YES"
            buildForRunning = "YES"
            buildForProfiling = "YES"
            buildForArchiving = "YES"
            buildForAnalyzing = "YES">
            <BuildableReference
               BuildableIdentifier = "primary"
               BlueprintIdentifier = "1857FC1B1BDF6519001D5133"
               BuildableName = "&#x5185;&#x6db5;&#x4eba;&#x751f;.app"
               BlueprintName = "&#x5185;&#x6db5;&#x4eba;&#x751f;"
               ReferencedContainer = "container:&#x5185;&#x6db5;&#x4eba;&#x751f;.xcodeproj">
            </BuildableReference>
         </BuildActionEntry>
         <BuildActionEntry
            buildForTesting = "YES"
            buildForRunning = "YES"
            buildForProfiling = "NO"
            buildForArchiving = "NO"
            buildForAnalyzing = "YES">
            <BuildableReference
               BuildableIdentifier = "primary"
               BlueprintIdentifier = "1857FC341BDF6519001D5133"
               BuildableName = "&#x5185;&#x6db5;&#x4eba;&#x751f;Tests.xctest"
               BlueprintName = "&#x5185;&#x6db5;&#x4eba;&#x751f;Tests"
               ReferencedContainer = "container:&#x5185;&#x6db5;&#x4eba;&#x751f;.xcodeproj">
            </BuildableReference>
         </BuildActionEntry>
      </BuildActionEntries>
   </BuildAction>
   <TestAction
      selectedDebuggerIdentifier = "Xcode.DebuggerFoundation.Debugger.LLDB"
      selectedLauncherIdentifier = "Xcode.DebuggerFoundation.Launcher.LLDB"
      shouldUseLaunchSchemeArgsEnv = "YES"
      buildConfiguration = "Debug">
      <Testables>
         <TestableReference
            skipped = "NO">
            <BuildableReference
               BuildableIdentifier = "primary"
               BlueprintIdentifier = "1857FC341BDF6519001D5133"
               BuildableName = "&#x5185;&#x6db5;&#x4eba;&#x751f;Tests.xctest"
               BlueprintName = "&#x5185;&#x6db5;&#x4eba;&#x751f;Tests"
               ReferencedContainer = "container:&#x5185;&#x6db5;&#x4eba;&#x751f;.xcodeproj">
            </BuildableReference>
         </TestableReference>
      </Testables>
      <MacroExpansion>
         <BuildableReference
            BuildableIdentifier = "primary"
            BlueprintIdentifier = "1857FC1B1BDF6519001D5133"
            BuildableName = "&#x5185;&#x6db5;&#x4eba;&#x751f;.app"
            BlueprintName = "&#x5185;&#x6db5;&#x4eba;&#x751f;"
            ReferencedContainer = "container:&#x5185;&#x6db5;&#x4eba;&#x751f;.xcodeproj">
         </BuildableReference>
      </MacroExpansion>
   </TestAction>
   <LaunchAction
      selectedDebuggerIdentifier = "Xcode.DebuggerFoundation.Debugger.LLDB"
      selectedLauncherIdentifier = "Xcode.DebuggerFoundation.Launcher.LLDB"
      launchStyle = "0"
      useCustomWorkingDirectory = "NO"
      buildConfiguration = "Debug"
      ignoresPersistentStateOnLaunch = "NO"
      debugDocumentVersioning = "YES"
      allowLocationSimulation = "YES">
      <BuildableProductRunnable
         runnableDebuggingMode = "0">
         <BuildableReference
            BuildableIdentifier = "primary"
            BlueprintIdentifier = "1857FC1B1BDF6519001D5133"
            BuildableName = "&#x5185;&#x6db5;&#x4eba;&#x751f;.app"
            BlueprintName = "&#x5185;&#x6db5;&#x4eba;&#x751f;"
            ReferencedContainer = "container:&#x5185;&#x6db5;&#x4eba;&#x751f;.xcodeproj">
         </BuildableReference>
      </BuildableProductRunnable>
      <AdditionalOptions>
      </AdditionalOptions>
   </LaunchAction>
   <ProfileAction
      shouldUseLaunchSchemeArgsEnv = "YES"
      savedToolIdentifier = ""
      useCustomWorkingDirectory = "NO"
      buildConfiguration = "Release"
      debugDocumentVersioning = "YES">
      <BuildableProductRunnable
         runnableDebuggingMode = "0">
         <BuildableReference
            BuildableIdentifier = "primary"
            BlueprintIdentifier = "1857FC1B1BDF6519001D5133"
            BuildableName = "&#x5185;&#x6db5;&#x4eba;&#x751f;.app"
            BlueprintName = "&#x5185;&#x6db5;&#x4eba;&#x751f;"
            ReferencedContainer = "container:&#x5185;&#x6db5;&#x4eba;&#x751f;.xcodeproj">
         </BuildableReference>
      </BuildableProductRunnable>
   </ProfileAction>
   <AnalyzeAction
      buildConfiguration = "Debug">
   </AnalyzeAction>
   <ArchiveAction
      buildConfiguration = "Release"
      revealArchiveInOrganizer = "YES">
   </ArchiveAction>
</Scheme>
